{
  "requires": true,
  "lockfileVersion": 1,
  "dependencies": {
    "types-registry": {
      "version": "0.1.599",
      "resolved": "https://registry.npmjs.org/types-registry/-/types-registry-0.1.599.tgz",
      "integrity": "sha512-UVKIGYmLDNsLLxPd3xqPDeMfUV9sqSWInibMTpSPiRvaC6vZLfjNmkSw8YUPlSh1Cz61wEN3oJY2J7lq+xMTDQ=="
    }
  }
}
